{
	"name": "ddp-react",
	"version": "0.1.0",
	"lockfileVersion": 2,
	"requires": true,
	"packages": {
		"": {
			"name": "ddp-react",
			"version": "0.1.0",
			"license": "MIT",
			"dependencies": {
				"comlink": "^4.3.1",
				"react": "^18.0.0",
				"simpleddp": "^2.2.4"
			},
			"devDependencies": {
				"@types/react": "^18.0.0",
				"@types/simpleddp": "^2.2.1",
				"typescript": "^4.7.4"
			}
		},
		"node_modules/@types/prop-types": {
			"version": "15.7.5",
			"resolved": "https://registry.npmjs.org/@types/prop-types/-/prop-types-15.7.5.tgz",
			"integrity": "sha512-JCB8C6SnDoQf0cNycqd/35A7MjcnK+ZTqE7judS6o7utxUCg6imJg3QK2qzHKszlTjcj2cn+NwMB2i96ubpj7w==",
			"dev": true
		},
		"node_modules/@types/react": {
			"version": "18.0.14",
			"resolved": "https://registry.npmjs.org/@types/react/-/react-18.0.14.tgz",
			"integrity": "sha512-x4gGuASSiWmo0xjDLpm5mPb52syZHJx02VKbqUKdLmKtAwIh63XClGsiTI1K6DO5q7ox4xAsQrU+Gl3+gGXF9Q==",
			"dev": true,
			"dependencies": {
				"@types/prop-types": "*",
				"@types/scheduler": "*",
				"csstype": "^3.0.2"
			}
		},
		"node_modules/@types/scheduler": {
			"version": "0.16.2",
			"resolved": "https://registry.npmjs.org/@types/scheduler/-/scheduler-0.16.2.tgz",
			"integrity": "sha512-hppQEBDmlwhFAXKJX2KnWLYu5yMfi91yazPb2l+lbJiwW+wdo1gNeRA+3RgNSO39WYX2euey41KEwnqesU2Jew==",
			"dev": true
		},
		"node_modules/@types/simpleddp": {
			"version": "2.2.1",
			"resolved": "https://registry.npmjs.org/@types/simpleddp/-/simpleddp-2.2.1.tgz",
			"integrity": "sha512-1tD8zxo++ZDBgbumttrcGODI5GdFAPAkBNeCrVz9U5sLCTgPSkntzWB9jZEk43MbYvPn9q5lozlcP42pl0lgMw==",
			"dev": true
		},
		"node_modules/clone-deep": {
			"version": "4.0.1",
			"resolved": "https://registry.npmjs.org/clone-deep/-/clone-deep-4.0.1.tgz",
			"integrity": "sha512-neHB9xuzh/wk0dIHweyAXv2aPGZIVk3pLMe+/RNzINf17fe0OG96QroktYAUm7SM1PBnzTabaLboqqxDyMU+SQ==",
			"dependencies": {
				"is-plain-object": "^2.0.4",
				"kind-of": "^6.0.2",
				"shallow-clone": "^3.0.0"
			},
			"engines": {
				"node": ">=6"
			}
		},
		"node_modules/comlink": {
			"version": "4.3.1",
			"resolved": "https://registry.npmjs.org/comlink/-/comlink-4.3.1.tgz",
			"integrity": "sha512-+YbhUdNrpBZggBAHWcgQMLPLH1KDF3wJpeqrCKieWQ8RL7atmgsgTQko1XEBK6PsecfopWNntopJ+ByYG1lRaA=="
		},
		"node_modules/csstype": {
			"version": "3.1.0",
			"resolved": "https://registry.npmjs.org/csstype/-/csstype-3.1.0.tgz",
			"integrity": "sha512-uX1KG+x9h5hIJsaKR9xHUeUraxf8IODOwq9JLNPq6BwB04a/xgpq3rcx47l5BZu5zBPlgD342tdke3Hom/nJRA==",
			"dev": true
		},
		"node_modules/ejson": {
			"version": "2.2.2",
			"resolved": "https://registry.npmjs.org/ejson/-/ejson-2.2.2.tgz",
			"integrity": "sha512-Wc/PZH7WMxuM6eBpAuD9+IX98q27hlBTD8nvhh7UyGy22eB9qTRG0oAzlviicADh9VVxYp+/onTyfYZC3DhI5w=="
		},
		"node_modules/is-plain-object": {
			"version": "2.0.4",
			"resolved": "https://registry.npmjs.org/is-plain-object/-/is-plain-object-2.0.4.tgz",
			"integrity": "sha512-h5PpgXkWitc38BBMYawTYMWJHFZJVnBquFE57xFpjB8pJFiF6gZ+bU+WyI/yqXiFR5mdLsgYNaPe8uao6Uv9Og==",
			"dependencies": {
				"isobject": "^3.0.1"
			},
			"engines": {
				"node": ">=0.10.0"
			}
		},
		"node_modules/isobject": {
			"version": "3.0.1",
			"resolved": "https://registry.npmjs.org/isobject/-/isobject-3.0.1.tgz",
			"integrity": "sha512-WhB9zCku7EGTj/HQQRz5aUQEUeoQZH2bWcltRErOpymJ4boYE6wL9Tbr23krRPSZ+C5zqNSrSw+Cc7sZZ4b7vg==",
			"engines": {
				"node": ">=0.10.0"
			}
		},
		"node_modules/js-tokens": {
			"version": "4.0.0",
			"resolved": "https://registry.npmjs.org/js-tokens/-/js-tokens-4.0.0.tgz",
			"integrity": "sha512-RdJUflcE3cUzKiMqQgsCu06FPu9UdIJO0beYbPhHN4k6apgJtifcoCtT9bcxOpYBtpD2kCM6Sbzg4CausW/PKQ=="
		},
		"node_modules/kind-of": {
			"version": "6.0.3",
			"resolved": "https://registry.npmjs.org/kind-of/-/kind-of-6.0.3.tgz",
			"integrity": "sha512-dcS1ul+9tmeD95T+x28/ehLgd9mENa3LsvDTtzm3vyBEO7RPptvAD+t44WVXaUjTBRcrpFeFlC8WCruUR456hw==",
			"engines": {
				"node": ">=0.10.0"
			}
		},
		"node_modules/loose-envify": {
			"version": "1.4.0",
			"resolved": "https://registry.npmjs.org/loose-envify/-/loose-envify-1.4.0.tgz",
			"integrity": "sha512-lyuxPGr/Wfhrlem2CL/UcnUc1zcqKAImBDzukY7Y5F/yQiNdko6+fRLevlw1HgMySw7f611UIY408EtxRSoK3Q==",
			"dependencies": {
				"js-tokens": "^3.0.0 || ^4.0.0"
			},
			"bin": {
				"loose-envify": "cli.js"
			}
		},
		"node_modules/react": {
			"version": "18.2.0",
			"resolved": "https://registry.npmjs.org/react/-/react-18.2.0.tgz",
			"integrity": "sha512-/3IjMdb2L9QbBdWiW5e3P2/npwMBaU9mHCSCUzNln0ZCYbcfTsGbTJrU/kGemdH2IWmB2ioZ+zkxtmq6g09fGQ==",
			"dependencies": {
				"loose-envify": "^1.1.0"
			},
			"engines": {
				"node": ">=0.10.0"
			}
		},
		"node_modules/shallow-clone": {
			"version": "3.0.1",
			"resolved": "https://registry.npmjs.org/shallow-clone/-/shallow-clone-3.0.1.tgz",
			"integrity": "sha512-/6KqX+GVUdqPuPPd2LxDDxzX6CAbjJehAAOKlNpqqUpAqPM6HeL8f+o3a+JsyGjn2lv0WY8UsTgUJjU9Ok55NA==",
			"dependencies": {
				"kind-of": "^6.0.2"
			},
			"engines": {
				"node": ">=8"
			}
		},
		"node_modules/simpleddp": {
			"version": "2.2.4",
			"resolved": "https://registry.npmjs.org/simpleddp/-/simpleddp-2.2.4.tgz",
			"integrity": "sha512-VnsORlr1TPOqHyHjJXPoh5UYM6A30WAZVzxvxzCa3ShlxDjQfIO0dtmHKnr6eE5UnMffzcYnLaLXmp352zBsEg==",
			"dependencies": {
				"clone-deep": "^4.0.1",
				"ejson": "^2.2.0",
				"simpleddp-core": "^1.0.6"
			}
		},
		"node_modules/simpleddp-core": {
			"version": "1.0.6",
			"resolved": "https://registry.npmjs.org/simpleddp-core/-/simpleddp-core-1.0.6.tgz",
			"integrity": "sha512-ImVD26ufpGN8n4awbvgTGlcRuJOn3q+eMdaSZWqnwQGcECLsthmizjVprfBSvRixl/cXWaQn5CoBXn9KNInjEQ==",
			"dependencies": {
				"ejson": "^2.1.2",
				"wolfy87-eventemitter": "^5.2.5"
			}
		},
		"node_modules/typescript": {
			"version": "4.7.4",
			"resolved": "https://registry.npmjs.org/typescript/-/typescript-4.7.4.tgz",
			"integrity": "sha512-C0WQT0gezHuw6AdY1M2jxUO83Rjf0HP7Sk1DtXj6j1EwkQNZrHAg2XPWlq62oqEhYvONq5pkC2Y9oPljWToLmQ==",
			"dev": true,
			"bin": {
				"tsc": "bin/tsc",
				"tsserver": "bin/tsserver"
			},
			"engines": {
				"node": ">=4.2.0"
			}
		},
		"node_modules/wolfy87-eventemitter": {
			"version": "5.2.9",
			"resolved": "https://registry.npmjs.org/wolfy87-eventemitter/-/wolfy87-eventemitter-5.2.9.tgz",
			"integrity": "sha512-P+6vtWyuDw+MB01X7UeF8TaHBvbCovf4HPEMF/SV7BdDc1SMTiBy13SRD71lQh4ExFTG1d/WNzDGDCyOKSMblw=="
		}
	},
	"dependencies": {
		"@types/prop-types": {
			"version": "15.7.5",
			"resolved": "https://registry.npmjs.org/@types/prop-types/-/prop-types-15.7.5.tgz",
			"integrity": "sha512-JCB8C6SnDoQf0cNycqd/35A7MjcnK+ZTqE7judS6o7utxUCg6imJg3QK2qzHKszlTjcj2cn+NwMB2i96ubpj7w==",
			"dev": true
		},
		"@types/react": {
			"version": "18.0.14",
			"resolved": "https://registry.npmjs.org/@types/react/-/react-18.0.14.tgz",
			"integrity": "sha512-x4gGuASSiWmo0xjDLpm5mPb52syZHJx02VKbqUKdLmKtAwIh63XClGsiTI1K6DO5q7ox4xAsQrU+Gl3+gGXF9Q==",
			"dev": true,
			"requires": {
				"@types/prop-types": "*",
				"@types/scheduler": "*",
				"csstype": "^3.0.2"
			}
		},
		"@types/scheduler": {
			"version": "0.16.2",
			"resolved": "https://registry.npmjs.org/@types/scheduler/-/scheduler-0.16.2.tgz",
			"integrity": "sha512-hppQEBDmlwhFAXKJX2KnWLYu5yMfi91yazPb2l+lbJiwW+wdo1gNeRA+3RgNSO39WYX2euey41KEwnqesU2Jew==",
			"dev": true
		},
		"@types/simpleddp": {
			"version": "2.2.1",
			"resolved": "https://registry.npmjs.org/@types/simpleddp/-/simpleddp-2.2.1.tgz",
			"integrity": "sha512-1tD8zxo++ZDBgbumttrcGODI5GdFAPAkBNeCrVz9U5sLCTgPSkntzWB9jZEk43MbYvPn9q5lozlcP42pl0lgMw==",
			"dev": true
		},
		"clone-deep": {
			"version": "4.0.1",
			"resolved": "https://registry.npmjs.org/clone-deep/-/clone-deep-4.0.1.tgz",
			"integrity": "sha512-neHB9xuzh/wk0dIHweyAXv2aPGZIVk3pLMe+/RNzINf17fe0OG96QroktYAUm7SM1PBnzTabaLboqqxDyMU+SQ==",
			"requires": {
				"is-plain-object": "^2.0.4",
				"kind-of": "^6.0.2",
				"shallow-clone": "^3.0.0"
			}
		},
		"comlink": {
			"version": "4.3.1",
			"resolved": "https://registry.npmjs.org/comlink/-/comlink-4.3.1.tgz",
			"integrity": "sha512-+YbhUdNrpBZggBAHWcgQMLPLH1KDF3wJpeqrCKieWQ8RL7atmgsgTQko1XEBK6PsecfopWNntopJ+ByYG1lRaA=="
		},
		"csstype": {
			"version": "3.1.0",
			"resolved": "https://registry.npmjs.org/csstype/-/csstype-3.1.0.tgz",
			"integrity": "sha512-uX1KG+x9h5hIJsaKR9xHUeUraxf8IODOwq9JLNPq6BwB04a/xgpq3rcx47l5BZu5zBPlgD342tdke3Hom/nJRA==",
			"dev": true
		},
		"ejson": {
			"version": "2.2.2",
			"resolved": "https://registry.npmjs.org/ejson/-/ejson-2.2.2.tgz",
			"integrity": "sha512-Wc/PZH7WMxuM6eBpAuD9+IX98q27hlBTD8nvhh7UyGy22eB9qTRG0oAzlviicADh9VVxYp+/onTyfYZC3DhI5w=="
		},
		"is-plain-object": {
			"version": "2.0.4",
			"resolved": "https://registry.npmjs.org/is-plain-object/-/is-plain-object-2.0.4.tgz",
			"integrity": "sha512-h5PpgXkWitc38BBMYawTYMWJHFZJVnBquFE57xFpjB8pJFiF6gZ+bU+WyI/yqXiFR5mdLsgYNaPe8uao6Uv9Og==",
			"requires": {
				"isobject": "^3.0.1"
			}
		},
		"isobject": {
			"version": "3.0.1",
			"resolved": "https://registry.npmjs.org/isobject/-/isobject-3.0.1.tgz",
			"integrity": "sha512-WhB9zCku7EGTj/HQQRz5aUQEUeoQZH2bWcltRErOpymJ4boYE6wL9Tbr23krRPSZ+C5zqNSrSw+Cc7sZZ4b7vg=="
		},
		"js-tokens": {
			"version": "4.0.0",
			"resolved": "https://registry.npmjs.org/js-tokens/-/js-tokens-4.0.0.tgz",
			"integrity": "sha512-RdJUflcE3cUzKiMqQgsCu06FPu9UdIJO0beYbPhHN4k6apgJtifcoCtT9bcxOpYBtpD2kCM6Sbzg4CausW/PKQ=="
		},
		"kind-of": {
			"version": "6.0.3",
			"resolved": "https://registry.npmjs.org/kind-of/-/kind-of-6.0.3.tgz",
			"integrity": "sha512-dcS1ul+9tmeD95T+x28/ehLgd9mENa3LsvDTtzm3vyBEO7RPptvAD+t44WVXaUjTBRcrpFeFlC8WCruUR456hw=="
		},
		"loose-envify": {
			"version": "1.4.0",
			"resolved": "https://registry.npmjs.org/loose-envify/-/loose-envify-1.4.0.tgz",
			"integrity": "sha512-lyuxPGr/Wfhrlem2CL/UcnUc1zcqKAImBDzukY7Y5F/yQiNdko6+fRLevlw1HgMySw7f611UIY408EtxRSoK3Q==",
			"requires": {
				"js-tokens": "^3.0.0 || ^4.0.0"
			}
		},
		"react": {
			"version": "18.2.0",
			"resolved": "https://registry.npmjs.org/react/-/react-18.2.0.tgz",
			"integrity": "sha512-/3IjMdb2L9QbBdWiW5e3P2/npwMBaU9mHCSCUzNln0ZCYbcfTsGbTJrU/kGemdH2IWmB2ioZ+zkxtmq6g09fGQ==",
			"requires": {
				"loose-envify": "^1.1.0"
			}
		},
		"shallow-clone": {
			"version": "3.0.1",
			"resolved": "https://registry.npmjs.org/shallow-clone/-/shallow-clone-3.0.1.tgz",
			"integrity": "sha512-/6KqX+GVUdqPuPPd2LxDDxzX6CAbjJehAAOKlNpqqUpAqPM6HeL8f+o3a+JsyGjn2lv0WY8UsTgUJjU9Ok55NA==",
			"requires": {
				"kind-of": "^6.0.2"
			}
		},
		"simpleddp": {
			"version": "2.2.4",
			"resolved": "https://registry.npmjs.org/simpleddp/-/simpleddp-2.2.4.tgz",
			"integrity": "sha512-VnsORlr1TPOqHyHjJXPoh5UYM6A30WAZVzxvxzCa3ShlxDjQfIO0dtmHKnr6eE5UnMffzcYnLaLXmp352zBsEg==",
			"requires": {
				"clone-deep": "^4.0.1",
				"ejson": "^2.2.0",
				"simpleddp-core": "^1.0.6"
			}
		},
		"simpleddp-core": {
			"version": "1.0.6",
			"resolved": "https://registry.npmjs.org/simpleddp-core/-/simpleddp-core-1.0.6.tgz",
			"integrity": "sha512-ImVD26ufpGN8n4awbvgTGlcRuJOn3q+eMdaSZWqnwQGcECLsthmizjVprfBSvRixl/cXWaQn5CoBXn9KNInjEQ==",
			"requires": {
				"ejson": "^2.1.2",
				"wolfy87-eventemitter": "^5.2.5"
			}
		},
		"typescript": {
			"version": "4.7.4",
			"resolved": "https://registry.npmjs.org/typescript/-/typescript-4.7.4.tgz",
			"integrity": "sha512-C0WQT0gezHuw6AdY1M2jxUO83Rjf0HP7Sk1DtXj6j1EwkQNZrHAg2XPWlq62oqEhYvONq5pkC2Y9oPljWToLmQ==",
			"dev": true
		},
		"wolfy87-eventemitter": {
			"version": "5.2.9",
			"resolved": "https://registry.npmjs.org/wolfy87-eventemitter/-/wolfy87-eventemitter-5.2.9.tgz",
			"integrity": "sha512-P+6vtWyuDw+MB01X7UeF8TaHBvbCovf4HPEMF/SV7BdDc1SMTiBy13SRD71lQh4ExFTG1d/WNzDGDCyOKSMblw=="
		}
	}
}
